
Microsoft Visual Studio Solution File, Format Version 12.00
# Visual Studio Version 17
VisualStudioVersion = 17.6.33712.159
MinimumVisualStudioVersion = 10.0.40219.1
Project("{FAE04EC0-301F-11D3-BF4B-00C04F79EFBC}") = "Геометрические фигуры", "Геометрические фигуры.csproj", "{4E634BB4-63B7-4B61-BC21-E5EC2D46319A}"
EndProject
Global
	GlobalSection(SolutionConfigurationPlatforms) = preSolution
		Debug|Any CPU = Debug|Any CPU
		Release|Any CPU = Release|Any CPU
	EndGlobalSection
	GlobalSection(ProjectConfigurationPlatforms) = postSolution
		{4E634BB4-63B7-4B61-BC21-E5EC2D46319A}.Debug|Any CPU.ActiveCfg = Debug|Any CPU
		{4E634BB4-63B7-4B61-BC21-E5EC2D46319A}.Debug|Any CPU.Build.0 = Debug|Any CPU
		{4E634BB4-63B7-4B61-BC21-E5EC2D46319A}.Release|Any CPU.ActiveCfg = Release|Any CPU
		{4E634BB4-63B7-4B61-BC21-E5EC2D46319A}.Release|Any CPU.Build.0 = Release|Any CPU
	EndGlobalSection
	GlobalSection(SolutionProperties) = preSolution
		HideSolutionNode = FALSE
	EndGlobalSection
	GlobalSection(ExtensibilityGlobals) = postSolution
		SolutionGuid = {A2775140-C294-40D6-AA11-ECDFA5BFCC97}
	EndGlobalSection
EndGlobal
